github.com/UedaTakeyuki/erapse v0.0.0-20240531110635-a312c8fdf097 h1:K7G0rU4qhS5+YISmGU3fMmtQcAWRheDYi30SZJnoAj8=
github.com/UedaTakeyuki/erapse v0.0.0-20240531110635-a312c8fdf097/go.mod h1:DCJej+YAVaLKvDCXSayq0v1Ygv96n9pqNqQIBY1GyVo=
github.com/fsnotify/fsnotify v1.7.0 h1:8JEhPFa5W2WU7YfeZzPNqzMP6Lwt7L2715Ggo0nosvA=
github.com/fsnotify/fsnotify v1.7.0/go.mod h1:40Bi/Hjc2AVfZrqy+aj+yEI+/bRxZnMJyTJwOpGvigM=
golang.org/x/sys v0.4.0 h1:Zr2JFtRQNX3BCZ8YtxRE9hNJYC8J6I1MVbMg6owUp18=
golang.org/x/sys v0.4.0/go.mod h1:oPkhp1MJrh7nUepCBck5+mAzfO9JrbApNNgaTdGDITg=
